
Microsoft Visual Studio Solution File, Format Version 12.00
# Visual Studio 15
VisualStudioVersion = 15.0.28307.271
MinimumVisualStudioVersion = 10.0.40219.1
Project("{FAE04EC0-301F-11D3-BF4B-00C04F79EFBC}") = "WZDE", "WZDE\WZDE.csproj", "{5BF49ADD-4230-420E-BF26-83F617970852}"
EndProject
Global
	GlobalSection(SolutionConfigurationPlatforms) = preSolution
		Debug|Any CPU = Debug|Any CPU
		Release|Any CPU = Release|Any CPU
	EndGlobalSection
	GlobalSection(ProjectConfigurationPlatforms) = postSolution
		{5BF49ADD-4230-420E-BF26-83F617970852}.Debug|Any CPU.ActiveCfg = Debug|Any CPU
		{5BF49ADD-4230-420E-BF26-83F617970852}.Debug|Any CPU.Build.0 = Debug|Any CPU
		{5BF49ADD-4230-420E-BF26-83F617970852}.Release|Any CPU.ActiveCfg = Release|Any CPU
		{5BF49ADD-4230-420E-BF26-83F617970852}.Release|Any CPU.Build.0 = Release|Any CPU
	EndGlobalSection
	GlobalSection(SolutionProperties) = preSolution
		HideSolutionNode = FALSE
	EndGlobalSection
	GlobalSection(ExtensibilityGlobals) = postSolution
		SolutionGuid = {684DB574-5CC0-4A7F-B1FF-A27B40012FD9}
	EndGlobalSection
EndGlobal
